// !$*UTF8*$!
{
	archiveVersion = 1;
	classes = {
	};
	objectVersion = 46;
	objects = {

/* Begin PBXBuildFile section */
		82C8FAD5169DB81F00F4CE1B /* UIKit.framework in Frameworks */ = {isa = PBXBuildFile; fileRef = 82C8FAD4169DB81F00F4CE1B /* UIKit.framework */; };
		82C8FAD7169DB81F00F4CE1B /* Foundation.framework in Frameworks */ = {isa = PBXBuildFile; fileRef = 82C8FAD6169DB81F00F4CE1B /* Foundation.framework */; };
		82C8FAD9169DB81F00F4CE1B /* CoreGraphics.framework in Frameworks */ = {isa = PBXBuildFile; fileRef = 82C8FAD8169DB81F00F4CE1B /* CoreGraphics.framework */; };
		82C8FADF169DB81F00F4CE1B /* InfoPlist.strings in Resources */ = {isa = PBXBuildFile; fileRef = 82C8FADD169DB81F00F4CE1B /* InfoPlist.strings */; };
		82C8FAE1169DB81F00F4CE1B /* main.m in Sources */ = {isa = PBXBuildFile; fileRef = 82C8FAE0169DB81F00F4CE1B /* main.m */; };
		82C8FAE5169DB81F00F4CE1B /* AppDelegate.m in Sources */ = {isa = PBXBuildFile; fileRef = 82C8FAE4169DB81F00F4CE1B /* AppDelegate.m */; };
		82C8FAE7169DB81F00F4CE1B /* Default.png in Resources */ = {isa = PBXBuildFile; fileRef = 82C8FAE6169DB81F00F4CE1B /* Default.png */; };
		82C8FAE9169DB81F00F4CE1B /* Default@2x.png in Resources */ = {isa = PBXBuildFile; fileRef = 82C8FAE8169DB81F00F4CE1B /* Default@2x.png */; };
		82C8FAEB169DB81F00F4CE1B /* Default-568h@2x.png in Resources */ = {isa = PBXBuildFile; fileRef = 82C8FAEA169DB81F00F4CE1B /* Default-568h@2x.png */; };
		82C8FAEE169DB81F00F4CE1B /* MainStoryboard.storyboard in Resources */ = {isa = PBXBuildFile; fileRef = 82C8FAEC169DB81F00F4CE1B /* MainStoryboard.storyboard */; };
		82C8FAF1169DB81F00F4CE1B /* ViewController.m in Sources */ = {isa = PBXBuildFile; fileRef = 82C8FAF0169DB81F00F4CE1B /* ViewController.m */; };
/* End PBXBuildFile section */

/* Begin PBXFileReference section */
		82C8FAD0169DB81F00F4CE1B /* MyFirstBook.app */ = {isa = PBXFileReference; explicitFileType = wrapper.application; includeInIndex = 0; path = MyFirstBook.app; sourceTree = BUILT_PRODUCTS_DIR; };
		82C8FAD4169DB81F00F4CE1B /* UIKit.framework */ = {isa = PBXFileReference; lastKnownFileType = wrapper.framework; name = UIKit.framework; path = System/Library/Frameworks/UIKit.framework; sourceTree = SDKROOT; };
		82C8FAD6169DB81F00F4CE1B /* Foundation.framework */ = {isa = PBXFileReference; lastKnownFileType = wrapper.framework; name = Foundation.framework; path = System/Library/Frameworks/Foundation.framework; sourceTree = SDKROOT; };
		82C8FAD8169DB81F00F4CE1B /* CoreGraphics.framework */ = {isa = PBXFileReference; lastKnownFileType = wrapper.framework; name = CoreGraphics.framework; path = System/Library/Frameworks/CoreGraphics.framework; sourceTree = SDKROOT; };
		82C8FADC169DB81F00F4CE1B /* MyFirstBook-Info.plist */ = {isa = PBXFileReference; lastKnownFileType = text.plist.xml; path = "MyFirstBook-Info.plist"; sourceTree = "<group>"; };
		82C8FADE169DB81F00F4CE1B /* en */ = {isa = PBXFileReference; lastKnownFileType = text.plist.strings; name = en; path = en.lproj/InfoPlist.strings; sourceTree = "<group>"; };
		82C8FAE0169DB81F00F4CE1B /* main.m */ = {isa = PBXFileReference; lastKnownFileType = sourcecode.c.objc; path = main.m; sourceTree = "<group>"; };
		82C8FAE2169DB81F00F4CE1B /* MyFirstBook-Prefix.pch */ = {isa = PBXFileReference; lastKnownFileType = sourcecode.c.h; path = "MyFirstBook-Prefix.pch"; sourceTree = "<group>"; };
		82C8FAE3169DB81F00F4CE1B /* AppDelegate.h */ = {isa = PBXFileReference; lastKnownFileType = sourcecode.c.h; path = AppDelegate.h; sourceTree = "<group>"; };
		82C8FAE4169DB81F00F4CE1B /* AppDelegate.m */ = {isa = PBXFileReference; lastKnownFileType = sourcecode.c.objc; path = AppDelegate.m; sourceTree = "<group>"; };
		82C8FAE6169DB81F00F4CE1B /* Default.png */ = {isa = PBXFileReference; lastKnownFileType = image.png; path = Default.png; sourceTree = "<group>"; };
		82C8FAE8169DB81F00F4CE1B /* Default@2x.png */ = {isa = PBXFileReference; lastKnownFileType = image.png; path = "Default@2x.png"; sourceTree = "<group>"; };
		82C8FAEA169DB81F00F4CE1B /* Default-568h@2x.png */ = {isa = PBXFileReference; lastKnownFileType = image.png; path = "Default-568h@2x.png"; sourceTree = "<group>"; };
		82C8FAED169DB81F00F4CE1B /* en */ = {isa = PBXFileReference; lastKnownFileType = file.storyboard; name = en; path = en.lproj/MainStoryboard.storyboard; sourceTree = "<group>"; };
		82C8FAEF169DB81F00F4CE1B /* ViewController.h */ = {isa = PBXFileReference; lastKnownFileType = sourcecode.c.h; path = ViewController.h; sourceTree = "<group>"; };
		82C8FAF0169DB81F00F4CE1B /* ViewController.m */ = {isa = PBXFileReference; lastKnownFileType = sourcecode.c.objc; path = ViewController.m; sourceTree = "<group>"; };
/* End PBXFileReference section */

/* Begin PBXFrameworksBuildPhase section */
		82C8FACD169DB81F00F4CE1B /* Frameworks */ = {
			isa = PBXFrameworksBuildPhase;
			buildActionMask = 2147483647;
			files = (
				82C8FAD5169DB81F00F4CE1B /* UIKit.framework in Frameworks */,
				82C8FAD7169DB81F00F4CE1B /* Foundation.framework in Frameworks */,
				82C8FAD9169DB81F00F4CE1B /* CoreGraphics.framework in Frameworks */,
			);
			runOnlyForDeploymentPostprocessing = 0;
		};
/* End PBXFrameworksBuildPhase section */

/* Begin PBXGroup section */
		82C8FAC5169DB81F00F4CE1B = {
			isa = PBXGroup;
			children = (
				82C8FADA169DB81F00F4CE1B /* MyFirstBook */,
				82C8FAD3169DB81F00F4CE1B /* Frameworks */,
				82C8FAD1169DB81F00F4CE1B /* Products */,
			);
			sourceTree = "<group>";
		};
		82C8FAD1169DB81F00F4CE1B /* Products */ = {
			isa = PBXGroup;
			children = (
				82C8FAD0169DB81F00F4CE1B /* MyFirstBook.app */,
			);
			name = Products;
			sourceTree = "<group>";
		};
		82C8FAD3169DB81F00F4CE1B /* Frameworks */ = {
			isa = PBXGroup;
			children = (
				82C8FAD4169DB81F00F4CE1B /* UIKit.framework */,
				82C8FAD6169DB81F00F4CE1B /* Foundation.framework */,
				82C8FAD8169DB81F00F4CE1B /* CoreGraphics.framework */,
			);
			name = Frameworks;
			sourceTree = "<group>";
		};
		82C8FADA169DB81F00F4CE1B /* MyFirstBook */ = {
			isa = PBXGroup;
			children = (
				82C8FAE3169DB81F00F4CE1B /* AppDelegate.h */,
				82C8FAE4169DB81F00F4CE1B /* AppDelegate.m */,
				82C8FAEC169DB81F00F4CE1B /* MainStoryboard.storyboard */,
				82C8FAEF169DB81F00F4CE1B /* ViewController.h */,
				82C8FAF0169DB81F00F4CE1B /* ViewController.m */,
				82C8FADB169DB81F00F4CE1B /* Supporting Files */,
			);
			path = MyFirstBook;
			sourceTree = "<group>";
		};
		82C8FADB169DB81F00F4CE1B /* Supporting Files */ = {
			isa = PBXGroup;
			children = (
				82C8FADC169DB81F00F4CE1B /* MyFirstBook-Info.plist */,
				82C8FADD169DB81F00F4CE1B /* InfoPlist.strings */,
				82C8FAE0169DB81F00F4CE1B /* main.m */,
				82C8FAE2169DB81F00F4CE1B /* MyFirstBook-Prefix.pch */,
				82C8FAE6169DB81F00F4CE1B /* Default.png */,
				82C8FAE8169DB81F00F4CE1B /* Default@2x.png */,
				82C8FAEA169DB81F00F4CE1B /* Default-568h@2x.png */,
			);
			name = "Supporting Files";
			sourceTree = "<group>";
		};
/* End PBXGroup section */

/* Begin PBXNativeTarget section */
		82C8FACF169DB81F00F4CE1B /* MyFirstBook */ = {
			isa = PBXNativeTarget;
			buildConfigurationList = 82C8FAF4169DB81F00F4CE1B /* Build configuration list for PBXNativeTarget "MyFirstBook" */;
			buildPhases = (
				82C8FACC169DB81F00F4CE1B /* Sources */,
				82C8FACD169DB81F00F4CE1B /* Frameworks */,
				82C8FACE169DB81F00F4CE1B /* Resources */,
			);
			buildRules = (
			);
			dependencies = (
			);
			name = MyFirstBook;
			productName = MyFirstBook;
			productReference = 82C8FAD0169DB81F00F4CE1B /* MyFirstBook.app */;
			productType = "com.apple.product-type.application";
		};
/* End PBXNativeTarget section */

/* Begin PBXProject section */
		82C8FAC7169DB81F00F4CE1B /* Project object */ = {
			isa = PBXProject;
			attributes = {
				LastUpgradeCheck = 0450;
				ORGANIZATIONNAME = "李欣";
			};
			buildConfigurationList = 82C8FACA169DB81F00F4CE1B /* Build configuration list for PBXProject "MyFirstBook" */;
			compatibilityVersion = "Xcode 3.2";
			developmentRegion = English;
			hasScannedForEncodings = 0;
			knownRegions = (
				en,
			);
			mainGroup = 82C8FAC5169DB81F00F4CE1B;
			productRefGroup = 82C8FAD1169DB81F00F4CE1B /* Products */;
			projectDirPath = "";
			projectRoot = "";
			targets = (
				82C8FACF169DB81F00F4CE1B /* MyFirstBook */,
			);
		};
/* End PBXProject section */

/* Begin PBXResourcesBuildPhase section */
		82C8FACE169DB81F00F4CE1B /* Resources */ = {
			isa = PBXResourcesBuildPhase;
			buildActionMask = 2147483647;
			files = (
				82C8FADF169DB81F00F4CE1B /* InfoPlist.strings in Resources */,
				82C8FAE7169DB81F00F4CE1B /* Default.png in Resources */,
				82C8FAE9169DB81F00F4CE1B /* Default@2x.png in Resources */,
				82C8FAEB169DB81F00F4CE1B /* Default-568h@2x.png in Resources */,
				82C8FAEE169DB81F00F4CE1B /* MainStoryboard.storyboard in Resources */,
			);
			runOnlyForDeploymentPostprocessing = 0;
		};
/* End PBXResourcesBuildPhase section */

/* Begin PBXSourcesBuildPhase section */
		82C8FACC169DB81F00F4CE1B /* Sources */ = {
			isa = PBXSourcesBuildPhase;
			buildActionMask = 2147483647;
			files = (
				82C8FAE1169DB81F00F4CE1B /* main.m in Sources */,
				82C8FAE5169DB81F00F4CE1B /* AppDelegate.m in Sources */,
				82C8FAF1169DB81F00F4CE1B /* ViewController.m in Sources */,
			);
			runOnlyForDeploymentPostprocessing = 0;
		};
/* End PBXSourcesBuildPhase section */

/* Begin PBXVariantGroup section */
		82C8FADD169DB81F00F4CE1B /* InfoPlist.strings */ = {
			isa = PBXVariantGroup;
			children = (
				82C8FADE169DB81F00F4CE1B /* en */,
			);
			name = InfoPlist.strings;
			sourceTree = "<group>";
		};
		82C8FAEC169DB81F00F4CE1B /* MainStoryboard.storyboard */ = {
			isa = PBXVariantGroup;
			children = (
				82C8FAED169DB81F00F4CE1B /* en */,
			);
			name = MainStoryboard.storyboard;
			sourceTree = "<group>";
		};
/* End PBXVariantGroup section */

/* Begin XCBuildConfiguration section */
		82C8FAF2169DB81F00F4CE1B /* Debug */ = {
			isa = XCBuildConfiguration;
			buildSettings = {
				ALWAYS_SEARCH_USER_PATHS = NO;
				CLANG_CXX_LANGUAGE_STANDARD = "gnu++0x";
				CLANG_CXX_LIBRARY = "libc++";
				CLANG_ENABLE_OBJC_ARC = YES;
				CLANG_WARN_EMPTY_BODY = YES;
				CLANG_WARN__DUPLICATE_METHOD_MATCH = YES;
				"CODE_SIGN_IDENTITY[sdk=iphoneos*]" = "iPhone Developer";
				COPY_PHASE_STRIP = NO;
				GCC_C_LANGUAGE_STANDARD = gnu99;
				GCC_DYNAMIC_NO_PIC = NO;
				GCC_OPTIMIZATION_LEVEL = 0;
				GCC_PREPROCESSOR_DEFINITIONS = (
					"DEBUG=1",
					"$(inherited)",
				);
				GCC_SYMBOLS_PRIVATE_EXTERN = NO;
				GCC_WARN_ABOUT_RETURN_TYPE = YES;
				GCC_WARN_UNINITIALIZED_AUTOS = YES;
				GCC_WARN_UNUSED_VARIABLE = YES;
				IPHONEOS_DEPLOYMENT_TARGET = 6.0;
				SDKROOT = iphoneos;
			};
			name = Debug;
		};
		82C8FAF3169DB81F00F4CE1B /* Release */ = {
			isa = XCBuildConfiguration;
			buildSettings = {
				ALWAYS_SEARCH_USER_PATHS = NO;
				CLANG_CXX_LANGUAGE_STANDARD = "gnu++0x";
				CLANG_CXX_LIBRARY = "libc++";
				CLANG_ENABLE_OBJC_ARC = YES;
				CLANG_WARN_EMPTY_BODY = YES;
				CLANG_WARN__DUPLICATE_METHOD_MATCH = YES;
				"CODE_SIGN_IDENTITY[sdk=iphoneos*]" = "iPhone Developer";
				COPY_PHASE_STRIP = YES;
				GCC_C_LANGUAGE_STANDARD = gnu99;
				GCC_WARN_ABOUT_RETURN_TYPE = YES;
				GCC_WARN_UNINITIALIZED_AUTOS = YES;
				GCC_WARN_UNUSED_VARIABLE = YES;
				IPHONEOS_DEPLOYMENT_TARGET = 6.0;
				OTHER_CFLAGS = "-DNS_BLOCK_ASSERTIONS=1";
				SDKROOT = iphoneos;
				VALIDATE_PRODUCT = YES;
			};
			name = Release;
		};
		82C8FAF5169DB81F00F4CE1B /* Debug */ = {
			isa = XCBuildConfiguration;
			buildSettings = {
				GCC_PRECOMPILE_PREFIX_HEADER = YES;
				GCC_PREFIX_HEADER = "MyFirstBook/MyFirstBook-Prefix.pch";
				INFOPLIST_FILE = "MyFirstBook/MyFirstBook-Info.plist";
				PRODUCT_NAME = "$(TARGET_NAME)";
				WRAPPER_EXTENSION = app;
			};
			name = Debug;
		};
		82C8FAF6169DB81F00F4CE1B /* Release */ = {
			isa = XCBuildConfiguration;
			buildSettings = {
				GCC_PRECOMPILE_PREFIX_HEADER = YES;
				GCC_PREFIX_HEADER = "MyFirstBook/MyFirstBook-Prefix.pch";
				INFOPLIST_FILE = "MyFirstBook/MyFirstBook-Info.plist";
				PRODUCT_NAME = "$(TARGET_NAME)";
				WRAPPER_EXTENSION = app;
			};
			name = Release;
		};
/* End XCBuildConfiguration section */

/* Begin XCConfigurationList section */
		82C8FACA169DB81F00F4CE1B /* Build configuration list for PBXProject "MyFirstBook" */ = {
			isa = XCConfigurationList;
			buildConfigurations = (
				82C8FAF2169DB81F00F4CE1B /* Debug */,
				82C8FAF3169DB81F00F4CE1B /* Release */,
			);
			defaultConfigurationIsVisible = 0;
			defaultConfigurationName = Release;
		};
		82C8FAF4169DB81F00F4CE1B /* Build configuration list for PBXNativeTarget "MyFirstBook" */ = {
			isa = XCConfigurationList;
			buildConfigurations = (
				82C8FAF5169DB81F00F4CE1B /* Debug */,
				82C8FAF6169DB81F00F4CE1B /* Release */,
			);
			defaultConfigurationIsVisible = 0;
		};
/* End XCConfigurationList section */
	};
	rootObject = 82C8FAC7169DB81F00F4CE1B /* Project object */;
}
